{
  "name": "imgmeta",
  "version": "1.1.0",
  "lockfileVersion": 3,
  "requires": true,
  "packages": {
    "": {
      "name": "imgmeta",
      "version": "1.1.0",
      "license": "MIT",
      "dependencies": {
        "@visioncortex/vtracer": "^1.0.0-alpha.4"
      },
      "bin": {
        "imgmeta": "index.js"
      },
      "engines": {
        "node": ">=16"
      }
    },
    "node_modules/@visioncortex/vtracer": {
      "version": "1.0.0-alpha.4",
      "resolved": "https://registry.npmjs.org/@visioncortex/vtracer/-/vtracer-1.0.0-alpha.4.tgz",
      "integrity": "sha512-Hhi+vfG4ealLH1m9alrWo1lM00cWFfur4zeLEcNtzrYUjeEYTgukLNfvOXmuaGe2adugu+jl9o9IUzqHuqFO9g==",
      "license": "MIT OR Apache-2.0",
      "engines": {
        "node": ">=16"
      }
    }
  }
}
